<?xml version="1.0" encoding="utf-8"?>
<Project ToolsVersion="4.0" xmlns="http://schemas.microsoft.com/developer/msbuild/2003">
  <ItemGroup>
    <Filter Include="Head">
      <UniqueIdentifier>{d90c95a3-f14b-483b-87f5-19172dcca3c5}</UniqueIdentifier>
    </Filter>
    <Filter Include="Source">
      <UniqueIdentifier>{826f8bb8-4adb-4769-9895-7f9269aac514}</UniqueIdentifier>
    </Filter>
    <Filter Include="Resource">
      <UniqueIdentifier>{47c9968d-e86b-4f2a-a5e6-306aea38aaa4}</UniqueIdentifier>
    </Filter>
    <Filter Include="HLSL">
      <UniqueIdentifier>{bd55bda3-b65a-4ea8-90c9-ad7708d89101}</UniqueIdentifier>
    </Filter>
  </ItemGroup>
  <ItemGroup>
    <ClCompile Include="Main.cpp">
      <Filter>Source</Filter>
    </ClCompile>
    <ClCompile Include="GameApp.cpp">
      <Filter>Source</Filter>
    </ClCompile>
    <ClCompile Include="d3dApp.cpp">
      <Filter>Source</Filter>
    </ClCompile>
    <ClCompile Include="GameTimer.cpp">
      <Filter>Source</Filter>
    </ClCompile>
    <ClCompile Include="d3dUtil.cpp">
      <Filter>Source</Filter>
    </ClCompile>
    <ClCompile Include="DXTrace.cpp">
      <Filter>Source</Filter>
    </ClCompile>
    <ClCompile Include="Geometry.cpp">
      <Filter>Source</Filter>
    </ClCompile>
    <ClCompile Include="Camera.cpp">
      <Filter>Source</Filter>
    </ClCompile>
    <ClCompile Include="Keyboard.cpp">
      <Filter>Source</Filter>
    </ClCompile>
    <ClCompile Include="Mouse.cpp">
      <Filter>Source</Filter>
    </ClCompile>
  </ItemGroup>
  <ItemGroup>
    <ClInclude Include="GameApp.h">
      <Filter>Head</Filter>
    </ClInclude>
    <ClInclude Include="d3dApp.h">
      <Filter>Head</Filter>
    </ClInclude>
    <ClInclude Include="GameTimer.h">
      <Filter>Head</Filter>
    </ClInclude>
    <ClInclude Include="d3dUtil.h">
      <Filter>Head</Filter>
    </ClInclude>
    <ClInclude Include="DXTrace.h">
      <Filter>Head</Filter>
    </ClInclude>
    <ClInclude Include="Geometry.h">
      <Filter>Head</Filter>
    </ClInclude>
    <ClInclude Include="Vertex.h">
      <Filter>Head</Filter>
    </ClInclude>
    <ClInclude Include="LightHelper.h">
      <Filter>Head</Filter>
    </ClInclude>
    <ClInclude Include="Camera.h">
      <Filter>Head</Filter>
    </ClInclude>
    <ClInclude Include="Keyboard.h">
      <Filter>Head</Filter>
    </ClInclude>
    <ClInclude Include="Mouse.h">
      <Filter>Head</Filter>
    </ClInclude>
  </ItemGroup>
  <ItemGroup>
    <FxCompile Include="Triangle_VS.hlsl">
      <Filter>HLSL</Filter>
    </FxCompile>
    <FxCompile Include="Triangle_PS.hlsl">
      <Filter>HLSL</Filter>
    </FxCompile>
  </ItemGroup>
  <ItemGroup>
    <None Include="Triangle.hlsli">
      <Filter>HLSL</Filter>
    </None>
  </ItemGroup>
</Project>